// !$*UTF8*$!
{
	archiveVersion = 1;
	classes = {
	};
	objectVersion = 50;
	objects = {

/* Begin PBXBuildFile section */
		A317EE072570CA0E00D39E04 /* AppDelegate.swift in Sources */ = {isa = PBXBuildFile; fileRef = A317EE062570CA0E00D39E04 /* AppDelegate.swift */; };
		A317EE092570CA0E00D39E04 /* SceneDelegate.swift in Sources */ = {isa = PBXBuildFile; fileRef = A317EE082570CA0E00D39E04 /* SceneDelegate.swift */; };
		A317EE0B2570CA0E00D39E04 /* ViewController.swift in Sources */ = {isa = PBXBuildFile; fileRef = A317EE0A2570CA0E00D39E04 /* ViewController.swift */; };
		A317EE0E2570CA0E00D39E04 /* Main.storyboard in Resources */ = {isa = PBXBuildFile; fileRef = A317EE0C2570CA0E00D39E04 /* Main.storyboard */; };
		A317EE102570CA1000D39E04 /* Assets.xcassets in Resources */ = {isa = PBXBuildFile; fileRef = A317EE0F2570CA1000D39E04 /* Assets.xcassets */; };
		A317EE132570CA1000D39E04 /* LaunchScreen.storyboard in Resources */ = {isa = PBXBuildFile; fileRef = A317EE112570CA1000D39E04 /* LaunchScreen.storyboard */; };
/* End PBXBuildFile section */

/* Begin PBXFileReference section */
		A317EE032570CA0E00D39E04 /* Pizzeria.app */ = {isa = PBXFileReference; explicitFileType = wrapper.application; includeInIndex = 0; path = Pizzeria.app; sourceTree = BUILT_PRODUCTS_DIR; };
		A317EE062570CA0E00D39E04 /* AppDelegate.swift */ = {isa = PBXFileReference; lastKnownFileType = sourcecode.swift; path = AppDelegate.swift; sourceTree = "<group>"; };
		A317EE082570CA0E00D39E04 /* SceneDelegate.swift */ = {isa = PBXFileReference; lastKnownFileType = sourcecode.swift; path = SceneDelegate.swift; sourceTree = "<group>"; };
		A317EE0A2570CA0E00D39E04 /* ViewController.swift */ = {isa = PBXFileReference; lastKnownFileType = sourcecode.swift; path = ViewController.swift; sourceTree = "<group>"; };
		A317EE0D2570CA0E00D39E04 /* Base */ = {isa = PBXFileReference; lastKnownFileType = file.storyboard; name = Base; path = Base.lproj/Main.storyboard; sourceTree = "<group>"; };
		A317EE0F2570CA1000D39E04 /* Assets.xcassets */ = {isa = PBXFileReference; lastKnownFileType = folder.assetcatalog; path = Assets.xcassets; sourceTree = "<group>"; };
		A317EE122570CA1000D39E04 /* Base */ = {isa = PBXFileReference; lastKnownFileType = file.storyboard; name = Base; path = Base.lproj/LaunchScreen.storyboard; sourceTree = "<group>"; };
		A317EE142570CA1000D39E04 /* Info.plist */ = {isa = PBXFileReference; lastKnownFileType = text.plist.xml; path = Info.plist; sourceTree = "<group>"; };
/* End PBXFileReference section */

/* Begin PBXFrameworksBuildPhase section */
		A317EE002570CA0E00D39E04 /* Frameworks */ = {
			isa = PBXFrameworksBuildPhase;
			buildActionMask = 2147483647;
			files = (
			);
			runOnlyForDeploymentPostprocessing = 0;
		};
/* End PBXFrameworksBuildPhase section */

/* Begin PBXGroup section */
		A317EDFA2570CA0E00D39E04 = {
			isa = PBXGroup;
			children = (
				A317EE052570CA0E00D39E04 /* Pizzeria */,
				A317EE042570CA0E00D39E04 /* Products */,
			);
			sourceTree = "<group>";
		};
		A317EE042570CA0E00D39E04 /* Products */ = {
			isa = PBXGroup;
			children = (
				A317EE032570CA0E00D39E04 /* Pizzeria.app */,
			);
			name = Products;
			sourceTree = "<group>";
		};
		A317EE052570CA0E00D39E04 /* Pizzeria */ = {
			isa = PBXGroup;
			children = (
				A317EE062570CA0E00D39E04 /* AppDelegate.swift */,
				A317EE082570CA0E00D39E04 /* SceneDelegate.swift */,
				A317EE0A2570CA0E00D39E04 /* ViewController.swift */,
				A317EE0C2570CA0E00D39E04 /* Main.storyboard */,
				A317EE0F2570CA1000D39E04 /* Assets.xcassets */,
				A317EE112570CA1000D39E04 /* LaunchScreen.storyboard */,
				A317EE142570CA1000D39E04 /* Info.plist */,
			);
			path = Pizzeria;
			sourceTree = "<group>";
		};
/* End PBXGroup section */

/* Begin PBXNativeTarget section */
		A317EE022570CA0E00D39E04 /* Pizzeria */ = {
			isa = PBXNativeTarget;
			buildConfigurationList = A317EE172570CA1000D39E04 /* Build configuration list for PBXNativeTarget "Pizzeria" */;
			buildPhases = (
				A317EDFF2570CA0E00D39E04 /* Sources */,
				A317EE002570CA0E00D39E04 /* Frameworks */,
				A317EE012570CA0E00D39E04 /* Resources */,
			);
			buildRules = (
			);
			dependencies = (
			);
			name = Pizzeria;
			productName = Pizzeria;
			productReference = A317EE032570CA0E00D39E04 /* Pizzeria.app */;
			productType = "com.apple.product-type.application";
		};
/* End PBXNativeTarget section */

/* Begin PBXProject section */
		A317EDFB2570CA0E00D39E04 /* Project object */ = {
			isa = PBXProject;
			attributes = {
				LastSwiftUpdateCheck = 1100;
				LastUpgradeCheck = 1100;
				ORGANIZATIONNAME = LuckyClub;
				TargetAttributes = {
					A317EE022570CA0E00D39E04 = {
						CreatedOnToolsVersion = 11.0;
					};
				};
			};
			buildConfigurationList = A317EDFE2570CA0E00D39E04 /* Build configuration list for PBXProject "Pizzeria" */;
			compatibilityVersion = "Xcode 9.3";
			developmentRegion = en;
			hasScannedForEncodings = 0;
			knownRegions = (
				en,
				Base,
			);
			mainGroup = A317EDFA2570CA0E00D39E04;
			productRefGroup = A317EE042570CA0E00D39E04 /* Products */;
			projectDirPath = "";
			projectRoot = "";
			targets = (
				A317EE022570CA0E00D39E04 /* Pizzeria */,
			);
		};
/* End PBXProject section */

/* Begin PBXResourcesBuildPhase section */
		A317EE012570CA0E00D39E04 /* Resources */ = {
			isa = PBXResourcesBuildPhase;
			buildActionMask = 2147483647;
			files = (
				A317EE132570CA1000D39E04 /* LaunchScreen.storyboard in Resources */,
				A317EE102570CA1000D39E04 /* Assets.xcassets in Resources */,
				A317EE0E2570CA0E00D39E04 /* Main.storyboard in Resources */,
			);
			runOnlyForDeploymentPostprocessing = 0;
		};
/* End PBXResourcesBuildPhase section */

/* Begin PBXSourcesBuildPhase section */
		A317EDFF2570CA0E00D39E04 /* Sources */ = {
			isa = PBXSourcesBuildPhase;
			buildActionMask = 2147483647;
			files = (
				A317EE0B2570CA0E00D39E04 /* ViewController.swift in Sources */,
				A317EE072570CA0E00D39E04 /* AppDelegate.swift in Sources */,
				A317EE092570CA0E00D39E04 /* SceneDelegate.swift in Sources */,
			);
			runOnlyForDeploymentPostprocessing = 0;
		};
/* End PBXSourcesBuildPhase section */

/* Begin PBXVariantGroup section */
		A317EE0C2570CA0E00D39E04 /* Main.storyboard */ = {
			isa = PBXVariantGroup;
			children = (
				A317EE0D2570CA0E00D39E04 /* Base */,
			);
			name = Main.storyboard;
			sourceTree = "<group>";
		};
		A317EE112570CA1000D39E04 /* LaunchScreen.storyboard */ = {
			isa = PBXVariantGroup;
			children = (
				A317EE122570CA1000D39E04 /* Base */,
			);
			name = LaunchScreen.storyboard;
			sourceTree = "<group>";
		};
/* End PBXVariantGroup section */

/* Begin XCBuildConfiguration section */
		A317EE152570CA1000D39E04 /* Debug */ = {
			isa = XCBuildConfiguration;
			buildSettings = {
				ALWAYS_SEARCH_USER_PATHS = NO;
				CLANG_ANALYZER_NONNULL = YES;
				CLANG_ANALYZER_NUMBER_OBJECT_CONVERSION = YES_AGGRESSIVE;
				CLANG_CXX_LANGUAGE_STANDARD = "gnu++14";
				CLANG_CXX_LIBRARY = "libc++";
				CLANG_ENABLE_MODULES = YES;
				CLANG_ENABLE_OBJC_ARC = YES;
				CLANG_ENABLE_OBJC_WEAK = YES;
				CLANG_WARN_BLOCK_CAPTURE_AUTORELEASING = YES;
				CLANG_WARN_BOOL_CONVERSION = YES;
				CLANG_WARN_COMMA = YES;
				CLANG_WARN_CONSTANT_CONVERSION = YES;
				CLANG_WARN_DEPRECATED_OBJC_IMPLEMENTATIONS = YES;
				CLANG_WARN_DIRECT_OBJC_ISA_USAGE = YES_ERROR;
				CLANG_WARN_DOCUMENTATION_COMMENTS = YES;
				CLANG_WARN_EMPTY_BODY = YES;
				CLANG_WARN_ENUM_CONVERSION = YES;
				CLANG_WARN_INFINITE_RECURSION = YES;
				CLANG_WARN_INT_CONVERSION = YES;
				CLANG_WARN_NON_LITERAL_NULL_CONVERSION = YES;
				CLANG_WARN_OBJC_IMPLICIT_RETAIN_SELF = YES;
				CLANG_WARN_OBJC_LITERAL_CONVERSION = YES;
				CLANG_WARN_OBJC_ROOT_CLASS = YES_ERROR;
				CLANG_WARN_RANGE_LOOP_ANALYSIS = YES;
				CLANG_WARN_STRICT_PROTOTYPES = YES;
				CLANG_WARN_SUSPICIOUS_MOVE = YES;
				CLANG_WARN_UNGUARDED_AVAILABILITY = YES_AGGRESSIVE;
				CLANG_WARN_UNREACHABLE_CODE = YES;
				CLANG_WARN__DUPLICATE_METHOD_MATCH = YES;
				COPY_PHASE_STRIP = NO;
				DEBUG_INFORMATION_FORMAT = dwarf;
				ENABLE_STRICT_OBJC_MSGSEND = YES;
				ENABLE_TESTABILITY = YES;
				GCC_C_LANGUAGE_STANDARD = gnu11;
				GCC_DYNAMIC_NO_PIC = NO;
				GCC_NO_COMMON_BLOCKS = YES;
				GCC_OPTIMIZATION_LEVEL = 0;
				GCC_PREPROCESSOR_DEFINITIONS = (
					"DEBUG=1",
					"$(inherited)",
				);
				GCC_WARN_64_TO_32_BIT_CONVERSION = YES;
				GCC_WARN_ABOUT_RETURN_TYPE = YES_ERROR;
				GCC_WARN_UNDECLARED_SELECTOR = YES;
				GCC_WARN_UNINITIALIZED_AUTOS = YES_AGGRESSIVE;
				GCC_WARN_UNUSED_FUNCTION = YES;
				GCC_WARN_UNUSED_VARIABLE = YES;
				IPHONEOS_DEPLOYMENT_TARGET = 13.0;
				MTL_ENABLE_DEBUG_INFO = INCLUDE_SOURCE;
				MTL_FAST_MATH = YES;
				ONLY_ACTIVE_ARCH = YES;
				SDKROOT = iphoneos;
				SWIFT_ACTIVE_COMPILATION_CONDITIONS = DEBUG;
				SWIFT_OPTIMIZATION_LEVEL = "-Onone";
			};
			name = Debug;
		};
		A317EE162570CA1000D39E04 /* Release */ = {
			isa = XCBuildConfiguration;
			buildSettings = {
				ALWAYS_SEARCH_USER_PATHS = NO;
				CLANG_ANALYZER_NONNULL = YES;
				CLANG_ANALYZER_NUMBER_OBJECT_CONVERSION = YES_AGGRESSIVE;
				CLANG_CXX_LANGUAGE_STANDARD = "gnu++14";
				CLANG_CXX_LIBRARY = "libc++";
				CLANG_ENABLE_MODULES = YES;
				CLANG_ENABLE_OBJC_ARC = YES;
				CLANG_ENABLE_OBJC_WEAK = YES;
				CLANG_WARN_BLOCK_CAPTURE_AUTORELEASING = YES;
				CLANG_WARN_BOOL_CONVERSION = YES;
				CLANG_WARN_COMMA = YES;
				CLANG_WARN_CONSTANT_CONVERSION = YES;
				CLANG_WARN_DEPRECATED_OBJC_IMPLEMENTATIONS = YES;
				CLANG_WARN_DIRECT_OBJC_ISA_USAGE = YES_ERROR;
				CLANG_WARN_DOCUMENTATION_COMMENTS = YES;
				CLANG_WARN_EMPTY_BODY = YES;
				CLANG_WARN_ENUM_CONVERSION = YES;
				CLANG_WARN_INFINITE_RECURSION = YES;
				CLANG_WARN_INT_CONVERSION = YES;
				CLANG_WARN_NON_LITERAL_NULL_CONVERSION = YES;
				CLANG_WARN_OBJC_IMPLICIT_RETAIN_SELF = YES;
				CLANG_WARN_OBJC_LITERAL_CONVERSION = YES;
				CLANG_WARN_OBJC_ROOT_CLASS = YES_ERROR;
				CLANG_WARN_RANGE_LOOP_ANALYSIS = YES;
				CLANG_WARN_STRICT_PROTOTYPES = YES;
				CLANG_WARN_SUSPICIOUS_MOVE = YES;
				CLANG_WARN_UNGUARDED_AVAILABILITY = YES_AGGRESSIVE;
				CLANG_WARN_UNREACHABLE_CODE = YES;
				CLANG_WARN__DUPLICATE_METHOD_MATCH = YES;
				COPY_PHASE_STRIP = NO;
				DEBUG_INFORMATION_FORMAT = "dwarf-with-dsym";
				ENABLE_NS_ASSERTIONS = NO;
				ENABLE_STRICT_OBJC_MSGSEND = YES;
				GCC_C_LANGUAGE_STANDARD = gnu11;
				GCC_NO_COMMON_BLOCKS = YES;
				GCC_WARN_64_TO_32_BIT_CONVERSION = YES;
				GCC_WARN_ABOUT_RETURN_TYPE = YES_ERROR;
				GCC_WARN_UNDECLARED_SELECTOR = YES;
				GCC_WARN_UNINITIALIZED_AUTOS = YES_AGGRESSIVE;
				GCC_WARN_UNUSED_FUNCTION = YES;
				GCC_WARN_UNUSED_VARIABLE = YES;
				IPHONEOS_DEPLOYMENT_TARGET = 13.0;
				MTL_ENABLE_DEBUG_INFO = NO;
				MTL_FAST_MATH = YES;
				SDKROOT = iphoneos;
				SWIFT_COMPILATION_MODE = wholemodule;
				SWIFT_OPTIMIZATION_LEVEL = "-O";
				VALIDATE_PRODUCT = YES;
			};
			name = Release;
		};
		A317EE182570CA1000D39E04 /* Debug */ = {
			isa = XCBuildConfiguration;
			buildSettings = {
				ASSETCATALOG_COMPILER_APPICON_NAME = AppIcon;
				CODE_SIGN_IDENTITY = "Apple Development";
				CODE_SIGN_STYLE = Automatic;
				CURRENT_PROJECT_VERSION = 1.1;
				DEVELOPMENT_TEAM = A78FA7DXLL;
				INFOPLIST_FILE = Pizzeria/Info.plist;
				IPHONEOS_DEPLOYMENT_TARGET = 11.2;
				LD_RUNPATH_SEARCH_PATHS = (
					"$(inherited)",
					"@executable_path/Frameworks",
				);
				PRODUCT_BUNDLE_IDENTIFIER = com.fm.Doroga;
				PRODUCT_NAME = "$(TARGET_NAME)";
				PROVISIONING_PROFILE_SPECIFIER = "";
				SWIFT_VERSION = 5.0;
				TARGETED_DEVICE_FAMILY = "1,2";
			};
			name = Debug;
		};
		A317EE192570CA1000D39E04 /* Release */ = {
			isa = XCBuildConfiguration;
			buildSettings = {
				ASSETCATALOG_COMPILER_APPICON_NAME = AppIcon;
				CODE_SIGN_IDENTITY = "Apple Development";
				CODE_SIGN_STYLE = Automatic;
				CURRENT_PROJECT_VERSION = 1.1;
				DEVELOPMENT_TEAM = A78FA7DXLL;
				INFOPLIST_FILE = Pizzeria/Info.plist;
				IPHONEOS_DEPLOYMENT_TARGET = 11.2;
				LD_RUNPATH_SEARCH_PATHS = (
					"$(inherited)",
					"@executable_path/Frameworks",
				);
				PRODUCT_BUNDLE_IDENTIFIER = com.fm.Doroga;
				PRODUCT_NAME = "$(TARGET_NAME)";
				PROVISIONING_PROFILE_SPECIFIER = "";
				SWIFT_VERSION = 5.0;
				TARGETED_DEVICE_FAMILY = "1,2";
			};
			name = Release;
		};
/* End XCBuildConfiguration section */

/* Begin XCConfigurationList section */
		A317EDFE2570CA0E00D39E04 /* Build configuration list for PBXProject "Pizzeria" */ = {
			isa = XCConfigurationList;
			buildConfigurations = (
				A317EE152570CA1000D39E04 /* Debug */,
				A317EE162570CA1000D39E04 /* Release */,
			);
			defaultConfigurationIsVisible = 0;
			defaultConfigurationName = Release;
		};
		A317EE172570CA1000D39E04 /* Build configuration list for PBXNativeTarget "Pizzeria" */ = {
			isa = XCConfigurationList;
			buildConfigurations = (
				A317EE182570CA1000D39E04 /* Debug */,
				A317EE192570CA1000D39E04 /* Release */,
			);
			defaultConfigurationIsVisible = 0;
			defaultConfigurationName = Release;
		};
/* End XCConfigurationList section */
	};
	rootObject = A317EDFB2570CA0E00D39E04 /* Project object */;
}
